// !$*UTF8*$!
{
	archiveVersion = 1;
	classes = {
	};
	objectVersion = 48;
	objects = {

/* Begin PBXBuildFile section */
		4770B0FC479BA982BBD7CFF9 /* Pods_plowdr.framework in Frameworks */ = {isa = PBXBuildFile; fileRef = D16A75D0DA93105D906F305D /* Pods_plowdr.framework */; };
		693819801FCEF44C007CBA2F /* NotificationsView.storyboard in Resources */ = {isa = PBXBuildFile; fileRef = 6938197F1FCEF44C007CBA2F /* NotificationsView.storyboard */; };
		693819851FCEFBB8007CBA2F /* GenericErrorController.swift in Sources */ = {isa = PBXBuildFile; fileRef = 693819841FCEFBB8007CBA2F /* GenericErrorController.swift */; };
		69515A8A1FB1E3F10012E1B7 /* AppDelegate.swift in Sources */ = {isa = PBXBuildFile; fileRef = 69515A891FB1E3F10012E1B7 /* AppDelegate.swift */; };
		69515A8F1FB1E3F10012E1B7 /* Main.storyboard in Resources */ = {isa = PBXBuildFile; fileRef = 69515A8D1FB1E3F10012E1B7 /* Main.storyboard */; };
		69515A911FB1E3F10012E1B7 /* Assets.xcassets in Resources */ = {isa = PBXBuildFile; fileRef = 69515A901FB1E3F10012E1B7 /* Assets.xcassets */; };
		69515A941FB1E3F10012E1B7 /* LaunchScreen.storyboard in Resources */ = {isa = PBXBuildFile; fileRef = 69515A921FB1E3F10012E1B7 /* LaunchScreen.storyboard */; };
		69515A9F1FB1E56E0012E1B7 /* IntroView.storyboard in Resources */ = {isa = PBXBuildFile; fileRef = 69515A9E1FB1E56E0012E1B7 /* IntroView.storyboard */; };
		69515AA21FB1E76D0012E1B7 /* IntroController.swift in Sources */ = {isa = PBXBuildFile; fileRef = 69515AA11FB1E76D0012E1B7 /* IntroController.swift */; };
		69515AA41FB1EF580012E1B7 /* LoginView.storyboard in Resources */ = {isa = PBXBuildFile; fileRef = 69515AA31FB1EF580012E1B7 /* LoginView.storyboard */; };
		69515AA61FB1EF770012E1B7 /* LoginController.swift in Sources */ = {isa = PBXBuildFile; fileRef = 69515AA51FB1EF770012E1B7 /* LoginController.swift */; };
		69515AA81FB1FA7B0012E1B7 /* SignupOneView.storyboard in Resources */ = {isa = PBXBuildFile; fileRef = 69515AA71FB1FA7B0012E1B7 /* SignupOneView.storyboard */; };
		69515AAA1FB2449C0012E1B7 /* StoryboardSegues.swift in Sources */ = {isa = PBXBuildFile; fileRef = 69515AA91FB2449C0012E1B7 /* StoryboardSegues.swift */; };
		69515AAC1FB24B7F0012E1B7 /* SignupTwoView.storyboard in Resources */ = {isa = PBXBuildFile; fileRef = 69515AAB1FB24B7F0012E1B7 /* SignupTwoView.storyboard */; };
		69515AAE1FB24C630012E1B7 /* SignupOneController.swift in Sources */ = {isa = PBXBuildFile; fileRef = 69515AAD1FB24C630012E1B7 /* SignupOneController.swift */; };
		69515AB01FB24C6E0012E1B7 /* SignupTwoController.swift in Sources */ = {isa = PBXBuildFile; fileRef = 69515AAF1FB24C6E0012E1B7 /* SignupTwoController.swift */; };
		69515AB21FB24FC60012E1B7 /* HomeView.storyboard in Resources */ = {isa = PBXBuildFile; fileRef = 69515AB11FB24FC60012E1B7 /* HomeView.storyboard */; };
		69515AB51FB250140012E1B7 /* HomeController.swift in Sources */ = {isa = PBXBuildFile; fileRef = 69515AB41FB250140012E1B7 /* HomeController.swift */; };
		69515AB71FB3A3830012E1B7 /* SlideMenuView.storyboard in Resources */ = {isa = PBXBuildFile; fileRef = 69515AB61FB3A3830012E1B7 /* SlideMenuView.storyboard */; };
		69515ABD1FB3A4EC0012E1B7 /* SlideMenuController.swift in Sources */ = {isa = PBXBuildFile; fileRef = 69515ABC1FB3A4EC0012E1B7 /* SlideMenuController.swift */; };
		69515AC01FB3B4460012E1B7 /* ContainerController.swift in Sources */ = {isa = PBXBuildFile; fileRef = 69515ABF1FB3B4460012E1B7 /* ContainerController.swift */; };
		695706E81FD18F49006CCA93 /* Objective-CBridgingHeade.m in Sources */ = {isa = PBXBuildFile; fileRef = 695706E71FD18F49006CCA93 /* Objective-CBridgingHeade.m */; };
		695706EC1FD1F035006CCA93 /* JobCellController.swift in Sources */ = {isa = PBXBuildFile; fileRef = 695706EB1FD1F035006CCA93 /* JobCellController.swift */; };
		695706EE1FD1FD0B006CCA93 /* JobDetailView.storyboard in Resources */ = {isa = PBXBuildFile; fileRef = 695706ED1FD1FD0B006CCA93 /* JobDetailView.storyboard */; };
		695706F01FD2010D006CCA93 /* JobDetailController.swift in Sources */ = {isa = PBXBuildFile; fileRef = 695706EF1FD2010D006CCA93 /* JobDetailController.swift */; };
		695706F21FD2011A006CCA93 /* JobDetailChildController.swift in Sources */ = {isa = PBXBuildFile; fileRef = 695706F11FD2011A006CCA93 /* JobDetailChildController.swift */; };
		695706F41FD35B2A006CCA93 /* Database.swift in Sources */ = {isa = PBXBuildFile; fileRef = 695706F31FD35B2A006CCA93 /* Database.swift */; };
		69678A4A1FC3110300860689 /* SetJobDetailsChildController.swift in Sources */ = {isa = PBXBuildFile; fileRef = 69678A491FC3110300860689 /* SetJobDetailsChildController.swift */; };
		69678A4C1FC3202400860689 /* SetAddressView.storyboard in Resources */ = {isa = PBXBuildFile; fileRef = 69678A4B1FC3202400860689 /* SetAddressView.storyboard */; };
		69678A4E1FC3203700860689 /* SetAddressController.swift in Sources */ = {isa = PBXBuildFile; fileRef = 69678A4D1FC3203700860689 /* SetAddressController.swift */; };
		69678A501FC321C400860689 /* SetDateTimeView.storyboard in Resources */ = {isa = PBXBuildFile; fileRef = 69678A4F1FC321C400860689 /* SetDateTimeView.storyboard */; };
		69678A521FC323A200860689 /* SetDateTimeController.swift in Sources */ = {isa = PBXBuildFile; fileRef = 69678A511FC323A200860689 /* SetDateTimeController.swift */; };
		69678A541FC32ACF00860689 /* SetJobDetailView.storyboard in Resources */ = {isa = PBXBuildFile; fileRef = 69678A531FC32ACF00860689 /* SetJobDetailView.storyboard */; };
		69678A561FC32B0100860689 /* SetJobDetailController.swift in Sources */ = {isa = PBXBuildFile; fileRef = 69678A551FC32B0100860689 /* SetJobDetailController.swift */; };
		69678A581FC3698F00860689 /* SetJobDetailChildController.swift in Sources */ = {isa = PBXBuildFile; fileRef = 69678A571FC3698F00860689 /* SetJobDetailChildController.swift */; };
		69678A5A1FC37A7200860689 /* JobDetailListController.swift in Sources */ = {isa = PBXBuildFile; fileRef = 69678A591FC37A7200860689 /* JobDetailListController.swift */; };
		69678A5C1FC37A8B00860689 /* JobDetailListChildController.swift in Sources */ = {isa = PBXBuildFile; fileRef = 69678A5B1FC37A8B00860689 /* JobDetailListChildController.swift */; };
		69678A5E1FC37B7300860689 /* Job.swift in Sources */ = {isa = PBXBuildFile; fileRef = 69678A5D1FC37B7300860689 /* Job.swift */; };
		6979077F1FCDA06800E233C1 /* GoogleService-Info.plist in Resources */ = {isa = PBXBuildFile; fileRef = 6979077E1FCDA06700E233C1 /* GoogleService-Info.plist */; };
		697907811FCDA41200E233C1 /* User.swift in Sources */ = {isa = PBXBuildFile; fileRef = 697907801FCDA41200E233C1 /* User.swift */; };
		697907831FCDA82D00E233C1 /* Ax.swift in Sources */ = {isa = PBXBuildFile; fileRef = 697907821FCDA82D00E233C1 /* Ax.swift */; };
		698CC5731FC7193400FEE976 /* Address.swift in Sources */ = {isa = PBXBuildFile; fileRef = 698CC5721FC7193400FEE976 /* Address.swift */; };
		698CC5751FC71A9400FEE976 /* Schedule.swift in Sources */ = {isa = PBXBuildFile; fileRef = 698CC5741FC71A9400FEE976 /* Schedule.swift */; };
		698CC5771FC71B2400FEE976 /* JobDetail.swift in Sources */ = {isa = PBXBuildFile; fileRef = 698CC5761FC71B2400FEE976 /* JobDetail.swift */; };
		698CC5791FCC3C7900FEE976 /* PurchaseServiceChildController.swift in Sources */ = {isa = PBXBuildFile; fileRef = 698CC5781FCC3C7900FEE976 /* PurchaseServiceChildController.swift */; };
		698CC57B1FCC440300FEE976 /* UINavigationController+.swift in Sources */ = {isa = PBXBuildFile; fileRef = 698CC57A1FCC440300FEE976 /* UINavigationController+.swift */; };
		698CC5801FCC500900FEE976 /* SetAccountView.storyboard in Resources */ = {isa = PBXBuildFile; fileRef = 698CC57F1FCC500900FEE976 /* SetAccountView.storyboard */; };
		698CC5821FCC508700FEE976 /* SetAccountController.swift in Sources */ = {isa = PBXBuildFile; fileRef = 698CC5811FCC508700FEE976 /* SetAccountController.swift */; };
		698CC5841FCC50B700FEE976 /* SetAccountChildController.swift in Sources */ = {isa = PBXBuildFile; fileRef = 698CC5831FCC50B700FEE976 /* SetAccountChildController.swift */; };
		698CC5861FCC9DED00FEE976 /* GradientView.swift in Sources */ = {isa = PBXBuildFile; fileRef = 698CC5851FCC9DED00FEE976 /* GradientView.swift */; };
		698CC58B1FCC9F6200FEE976 /* AG-Stencil.ttf in Resources */ = {isa = PBXBuildFile; fileRef = 698CC5891FCC9F6200FEE976 /* AG-Stencil.ttf */; };
		698CC58D1FCCA2C100FEE976 /* HiraginoCustom.otf in Resources */ = {isa = PBXBuildFile; fileRef = 698CC58C1FCCA2C100FEE976 /* HiraginoCustom.otf */; };
		69A008EA1FDED2150044C6B6 /* InvoiceDetailView.storyboard in Resources */ = {isa = PBXBuildFile; fileRef = 69A008E91FDED2150044C6B6 /* InvoiceDetailView.storyboard */; };
		69A008EC1FDED2310044C6B6 /* InvoiceDetailController.swift in Sources */ = {isa = PBXBuildFile; fileRef = 69A008EB1FDED2310044C6B6 /* InvoiceDetailController.swift */; };
		69A008EE1FDED25A0044C6B6 /* InvoiceDetailChildController.swift in Sources */ = {isa = PBXBuildFile; fileRef = 69A008ED1FDED25A0044C6B6 /* InvoiceDetailChildController.swift */; };
		69A008F01FDF1B350044C6B6 /* TaskDetailView.storyboard in Resources */ = {isa = PBXBuildFile; fileRef = 69A008EF1FDF1B350044C6B6 /* TaskDetailView.storyboard */; };
		69A008F21FDF1B5F0044C6B6 /* TaskDetailController.swift in Sources */ = {isa = PBXBuildFile; fileRef = 69A008F11FDF1B5F0044C6B6 /* TaskDetailController.swift */; };
		69A008F41FDF1E5C0044C6B6 /* TaskDetailChildController.swift in Sources */ = {isa = PBXBuildFile; fileRef = 69A008F31FDF1E5C0044C6B6 /* TaskDetailChildController.swift */; };
		69A008F61FDF1F300044C6B6 /* UpdateServiceView.storyboard in Resources */ = {isa = PBXBuildFile; fileRef = 69A008F51FDF1F300044C6B6 /* UpdateServiceView.storyboard */; };
		69A008F81FDF1F4D0044C6B6 /* UpdateServiceController.swift in Sources */ = {isa = PBXBuildFile; fileRef = 69A008F71FDF1F4D0044C6B6 /* UpdateServiceController.swift */; };
		69A008FA1FDF1F5A0044C6B6 /* UpdateServiceChildController.swift in Sources */ = {isa = PBXBuildFile; fileRef = 69A008F91FDF1F5A0044C6B6 /* UpdateServiceChildController.swift */; };
		69A008FC1FDF2FC00044C6B6 /* UILabel+.swift in Sources */ = {isa = PBXBuildFile; fileRef = 69A008FB1FDF2FC00044C6B6 /* UILabel+.swift */; };
		69C6A0711FD731BA003B52BA /* StripeConfigurator.swift in Sources */ = {isa = PBXBuildFile; fileRef = 69C6A0701FD731BA003B52BA /* StripeConfigurator.swift */; };
		69C6A0731FD7326D003B52BA /* StripeAPIClient.swift in Sources */ = {isa = PBXBuildFile; fileRef = 69C6A0721FD7326D003B52BA /* StripeAPIClient.swift */; };
		69C6A0791FD7475D003B52BA /* STPPaymentContextImplementation.swift in Sources */ = {isa = PBXBuildFile; fileRef = 69C6A0781FD7475D003B52BA /* STPPaymentContextImplementation.swift */; };
		69D589001FBE21B800F23C76 /* JobsController.swift in Sources */ = {isa = PBXBuildFile; fileRef = 69D588FF1FBE21B800F23C76 /* JobsController.swift */; };
		69D589021FBE21DC00F23C76 /* JobsView.storyboard in Resources */ = {isa = PBXBuildFile; fileRef = 69D589011FBE21DC00F23C76 /* JobsView.storyboard */; };
		69D589081FBE239100F23C76 /* ChooseJobView.storyboard in Resources */ = {isa = PBXBuildFile; fileRef = 69D589071FBE239100F23C76 /* ChooseJobView.storyboard */; };
		69D5890A1FBE23AF00F23C76 /* ChooseJobController.swift in Sources */ = {isa = PBXBuildFile; fileRef = 69D589091FBE23AF00F23C76 /* ChooseJobController.swift */; };
		69D5890C1FBE322D00F23C76 /* Strings.swift in Sources */ = {isa = PBXBuildFile; fileRef = 69D5890B1FBE322D00F23C76 /* Strings.swift */; };
		69D5890E1FBE32B400F23C76 /* JobDescriptionView.storyboard in Resources */ = {isa = PBXBuildFile; fileRef = 69D5890D1FBE32B400F23C76 /* JobDescriptionView.storyboard */; };
		69D589101FBE32C600F23C76 /* JobDescriptionController.swift in Sources */ = {isa = PBXBuildFile; fileRef = 69D5890F1FBE32C600F23C76 /* JobDescriptionController.swift */; };
		69D589121FBE394600F23C76 /* JobType.swift in Sources */ = {isa = PBXBuildFile; fileRef = 69D589111FBE394600F23C76 /* JobType.swift */; };
		69D589141FBE43FB00F23C76 /* SetJobDetailsView.storyboard in Resources */ = {isa = PBXBuildFile; fileRef = 69D589131FBE43FB00F23C76 /* SetJobDetailsView.storyboard */; };
		69D589161FBE440D00F23C76 /* SetJobDetailsController.swift in Sources */ = {isa = PBXBuildFile; fileRef = 69D589151FBE440D00F23C76 /* SetJobDetailsController.swift */; };
		69E92F7E1FCDEC2400B3861D /* SignupOneChildController.swift in Sources */ = {isa = PBXBuildFile; fileRef = 69E92F7D1FCDEC2400B3861D /* SignupOneChildController.swift */; };
		69E92F801FCDEC3000B3861D /* SignupTwoChildController.swift in Sources */ = {isa = PBXBuildFile; fileRef = 69E92F7F1FCDEC3000B3861D /* SignupTwoChildController.swift */; };
		69F229831FC5BEB800A271AB /* UIViewController+.swift in Sources */ = {isa = PBXBuildFile; fileRef = 69F229821FC5BEB800A271AB /* UIViewController+.swift */; };
		69F229851FC5C93600A271AB /* SetPaymentController.swift in Sources */ = {isa = PBXBuildFile; fileRef = 69F229841FC5C93600A271AB /* SetPaymentController.swift */; };
		69F229871FC5C95600A271AB /* SetPaymentView.storyboard in Resources */ = {isa = PBXBuildFile; fileRef = 69F229861FC5C95600A271AB /* SetPaymentView.storyboard */; };
		69F229891FC5CB0900A271AB /* PurchaseServiceView.storyboard in Resources */ = {isa = PBXBuildFile; fileRef = 69F229881FC5CB0900A271AB /* PurchaseServiceView.storyboard */; };
		69F2298B1FC5CB1700A271AB /* PurchaseServiceController.swift in Sources */ = {isa = PBXBuildFile; fileRef = 69F2298A1FC5CB1700A271AB /* PurchaseServiceController.swift */; };
/* End PBXBuildFile section */

/* Begin PBXFileReference section */
		018192314C85C7D6DFEA43D9 /* Pods-plowdr.release.xcconfig */ = {isa = PBXFileReference; includeInIndex = 1; lastKnownFileType = text.xcconfig; name = "Pods-plowdr.release.xcconfig"; path = "Pods/Target Support Files/Pods-plowdr/Pods-plowdr.release.xcconfig"; sourceTree = "<group>"; };
		6938197F1FCEF44C007CBA2F /* NotificationsView.storyboard */ = {isa = PBXFileReference; lastKnownFileType = file.storyboard; path = NotificationsView.storyboard; sourceTree = "<group>"; };
		693819841FCEFBB8007CBA2F /* GenericErrorController.swift */ = {isa = PBXFileReference; lastKnownFileType = sourcecode.swift; path = GenericErrorController.swift; sourceTree = "<group>"; };
		69515A861FB1E3F10012E1B7 /* plowdr.app */ = {isa = PBXFileReference; explicitFileType = wrapper.application; includeInIndex = 0; path = plowdr.app; sourceTree = BUILT_PRODUCTS_DIR; };
		69515A891FB1E3F10012E1B7 /* AppDelegate.swift */ = {isa = PBXFileReference; lastKnownFileType = sourcecode.swift; path = AppDelegate.swift; sourceTree = "<group>"; };
		69515A8E1FB1E3F10012E1B7 /* Base */ = {isa = PBXFileReference; lastKnownFileType = file.storyboard; name = Base; path = Base.lproj/Main.storyboard; sourceTree = "<group>"; };
		69515A901FB1E3F10012E1B7 /* Assets.xcassets */ = {isa = PBXFileReference; lastKnownFileType = folder.assetcatalog; path = Assets.xcassets; sourceTree = "<group>"; };
		69515A931FB1E3F10012E1B7 /* Base */ = {isa = PBXFileReference; lastKnownFileType = file.storyboard; name = Base; path = Base.lproj/LaunchScreen.storyboard; sourceTree = "<group>"; };
		69515A951FB1E3F10012E1B7 /* Info.plist */ = {isa = PBXFileReference; lastKnownFileType = text.plist.xml; path = Info.plist; sourceTree = "<group>"; };
		69515A9E1FB1E56E0012E1B7 /* IntroView.storyboard */ = {isa = PBXFileReference; lastKnownFileType = file.storyboard; path = IntroView.storyboard; sourceTree = "<group>"; };
		69515AA11FB1E76D0012E1B7 /* IntroController.swift */ = {isa = PBXFileReference; lastKnownFileType = sourcecode.swift; path = IntroController.swift; sourceTree = "<group>"; };
		69515AA31FB1EF580012E1B7 /* LoginView.storyboard */ = {isa = PBXFileReference; lastKnownFileType = file.storyboard; path = LoginView.storyboard; sourceTree = "<group>"; };
		69515AA51FB1EF770012E1B7 /* LoginController.swift */ = {isa = PBXFileReference; lastKnownFileType = sourcecode.swift; path = LoginController.swift; sourceTree = "<group>"; };
		69515AA71FB1FA7B0012E1B7 /* SignupOneView.storyboard */ = {isa = PBXFileReference; lastKnownFileType = file.storyboard; path = SignupOneView.storyboard; sourceTree = "<group>"; };
		69515AA91FB2449C0012E1B7 /* StoryboardSegues.swift */ = {isa = PBXFileReference; lastKnownFileType = sourcecode.swift; path = StoryboardSegues.swift; sourceTree = "<group>"; };
		69515AAB1FB24B7F0012E1B7 /* SignupTwoView.storyboard */ = {isa = PBXFileReference; lastKnownFileType = file.storyboard; path = SignupTwoView.storyboard; sourceTree = "<group>"; };
		69515AAD1FB24C630012E1B7 /* SignupOneController.swift */ = {isa = PBXFileReference; lastKnownFileType = sourcecode.swift; path = SignupOneController.swift; sourceTree = "<group>"; };
		69515AAF1FB24C6E0012E1B7 /* SignupTwoController.swift */ = {isa = PBXFileReference; lastKnownFileType = sourcecode.swift; path = SignupTwoController.swift; sourceTree = "<group>"; };
		69515AB11FB24FC60012E1B7 /* HomeView.storyboard */ = {isa = PBXFileReference; lastKnownFileType = file.storyboard; path = HomeView.storyboard; sourceTree = "<group>"; };
		69515AB41FB250140012E1B7 /* HomeController.swift */ = {isa = PBXFileReference; lastKnownFileType = sourcecode.swift; path = HomeController.swift; sourceTree = "<group>"; };
		69515AB61FB3A3830012E1B7 /* SlideMenuView.storyboard */ = {isa = PBXFileReference; lastKnownFileType = file.storyboard; path = SlideMenuView.storyboard; sourceTree = "<group>"; };
		69515ABC1FB3A4EC0012E1B7 /* SlideMenuController.swift */ = {isa = PBXFileReference; lastKnownFileType = sourcecode.swift; path = SlideMenuController.swift; sourceTree = "<group>"; };
		69515ABF1FB3B4460012E1B7 /* ContainerController.swift */ = {isa = PBXFileReference; lastKnownFileType = sourcecode.swift; path = ContainerController.swift; sourceTree = "<group>"; };
		695706E61FD18F49006CCA93 /* plowdr-Bridging-Header.h */ = {isa = PBXFileReference; lastKnownFileType = sourcecode.c.h; path = "plowdr-Bridging-Header.h"; sourceTree = "<group>"; };
		695706E71FD18F49006CCA93 /* Objective-CBridgingHeade.m */ = {isa = PBXFileReference; lastKnownFileType = sourcecode.c.objc; path = "Objective-CBridgingHeade.m"; sourceTree = "<group>"; };
		695706EB1FD1F035006CCA93 /* JobCellController.swift */ = {isa = PBXFileReference; lastKnownFileType = sourcecode.swift; path = JobCellController.swift; sourceTree = "<group>"; };
		695706ED1FD1FD0B006CCA93 /* JobDetailView.storyboard */ = {isa = PBXFileReference; lastKnownFileType = file.storyboard; path = JobDetailView.storyboard; sourceTree = "<group>"; };
		695706EF1FD2010D006CCA93 /* JobDetailController.swift */ = {isa = PBXFileReference; lastKnownFileType = sourcecode.swift; path = JobDetailController.swift; sourceTree = "<group>"; };
		695706F11FD2011A006CCA93 /* JobDetailChildController.swift */ = {isa = PBXFileReference; lastKnownFileType = sourcecode.swift; path = JobDetailChildController.swift; sourceTree = "<group>"; };
		695706F31FD35B2A006CCA93 /* Database.swift */ = {isa = PBXFileReference; lastKnownFileType = sourcecode.swift; path = Database.swift; sourceTree = "<group>"; };
		69678A491FC3110300860689 /* SetJobDetailsChildController.swift */ = {isa = PBXFileReference; lastKnownFileType = sourcecode.swift; path = SetJobDetailsChildController.swift; sourceTree = "<group>"; };
		69678A4B1FC3202400860689 /* SetAddressView.storyboard */ = {isa = PBXFileReference; lastKnownFileType = file.storyboard; path = SetAddressView.storyboard; sourceTree = "<group>"; };
		69678A4D1FC3203700860689 /* SetAddressController.swift */ = {isa = PBXFileReference; lastKnownFileType = sourcecode.swift; path = SetAddressController.swift; sourceTree = "<group>"; };
		69678A4F1FC321C400860689 /* SetDateTimeView.storyboard */ = {isa = PBXFileReference; lastKnownFileType = file.storyboard; path = SetDateTimeView.storyboard; sourceTree = "<group>"; };
		69678A511FC323A200860689 /* SetDateTimeController.swift */ = {isa = PBXFileReference; lastKnownFileType = sourcecode.swift; path = SetDateTimeController.swift; sourceTree = "<group>"; };
		69678A531FC32ACF00860689 /* SetJobDetailView.storyboard */ = {isa = PBXFileReference; lastKnownFileType = file.storyboard; path = SetJobDetailView.storyboard; sourceTree = "<group>"; };
		69678A551FC32B0100860689 /* SetJobDetailController.swift */ = {isa = PBXFileReference; lastKnownFileType = sourcecode.swift; path = SetJobDetailController.swift; sourceTree = "<group>"; };
		69678A571FC3698F00860689 /* SetJobDetailChildController.swift */ = {isa = PBXFileReference; lastKnownFileType = sourcecode.swift; path = SetJobDetailChildController.swift; sourceTree = "<group>"; };
		69678A591FC37A7200860689 /* JobDetailListController.swift */ = {isa = PBXFileReference; lastKnownFileType = sourcecode.swift; path = JobDetailListController.swift; sourceTree = "<group>"; };
		69678A5B1FC37A8B00860689 /* JobDetailListChildController.swift */ = {isa = PBXFileReference; lastKnownFileType = sourcecode.swift; path = JobDetailListChildController.swift; sourceTree = "<group>"; };
		69678A5D1FC37B7300860689 /* Job.swift */ = {isa = PBXFileReference; lastKnownFileType = sourcecode.swift; path = Job.swift; sourceTree = "<group>"; };
		6979077E1FCDA06700E233C1 /* GoogleService-Info.plist */ = {isa = PBXFileReference; fileEncoding = 4; lastKnownFileType = text.plist.xml; path = "GoogleService-Info.plist"; sourceTree = "<group>"; };
		697907801FCDA41200E233C1 /* User.swift */ = {isa = PBXFileReference; lastKnownFileType = sourcecode.swift; path = User.swift; sourceTree = "<group>"; };
		697907821FCDA82D00E233C1 /* Ax.swift */ = {isa = PBXFileReference; lastKnownFileType = sourcecode.swift; path = Ax.swift; sourceTree = "<group>"; };
		698CC5721FC7193400FEE976 /* Address.swift */ = {isa = PBXFileReference; lastKnownFileType = sourcecode.swift; path = Address.swift; sourceTree = "<group>"; };
		698CC5741FC71A9400FEE976 /* Schedule.swift */ = {isa = PBXFileReference; lastKnownFileType = sourcecode.swift; path = Schedule.swift; sourceTree = "<group>"; };
		698CC5761FC71B2400FEE976 /* JobDetail.swift */ = {isa = PBXFileReference; lastKnownFileType = sourcecode.swift; path = JobDetail.swift; sourceTree = "<group>"; };
		698CC5781FCC3C7900FEE976 /* PurchaseServiceChildController.swift */ = {isa = PBXFileReference; lastKnownFileType = sourcecode.swift; path = PurchaseServiceChildController.swift; sourceTree = "<group>"; };
		698CC57A1FCC440300FEE976 /* UINavigationController+.swift */ = {isa = PBXFileReference; lastKnownFileType = sourcecode.swift; path = "UINavigationController+.swift"; sourceTree = "<group>"; };
		698CC57F1FCC500900FEE976 /* SetAccountView.storyboard */ = {isa = PBXFileReference; lastKnownFileType = file.storyboard; path = SetAccountView.storyboard; sourceTree = "<group>"; };
		698CC5811FCC508700FEE976 /* SetAccountController.swift */ = {isa = PBXFileReference; lastKnownFileType = sourcecode.swift; path = SetAccountController.swift; sourceTree = "<group>"; };
		698CC5831FCC50B700FEE976 /* SetAccountChildController.swift */ = {isa = PBXFileReference; lastKnownFileType = sourcecode.swift; path = SetAccountChildController.swift; sourceTree = "<group>"; };
		698CC5851FCC9DED00FEE976 /* GradientView.swift */ = {isa = PBXFileReference; lastKnownFileType = sourcecode.swift; path = GradientView.swift; sourceTree = "<group>"; };
		698CC5891FCC9F6200FEE976 /* AG-Stencil.ttf */ = {isa = PBXFileReference; lastKnownFileType = file; path = "AG-Stencil.ttf"; sourceTree = "<group>"; };
		698CC58C1FCCA2C100FEE976 /* HiraginoCustom.otf */ = {isa = PBXFileReference; lastKnownFileType = file; path = HiraginoCustom.otf; sourceTree = "<group>"; };
		69A008E91FDED2150044C6B6 /* InvoiceDetailView.storyboard */ = {isa = PBXFileReference; lastKnownFileType = file.storyboard; path = InvoiceDetailView.storyboard; sourceTree = "<group>"; };
		69A008EB1FDED2310044C6B6 /* InvoiceDetailController.swift */ = {isa = PBXFileReference; lastKnownFileType = sourcecode.swift; path = InvoiceDetailController.swift; sourceTree = "<group>"; };
		69A008ED1FDED25A0044C6B6 /* InvoiceDetailChildController.swift */ = {isa = PBXFileReference; lastKnownFileType = sourcecode.swift; path = InvoiceDetailChildController.swift; sourceTree = "<group>"; };
		69A008EF1FDF1B350044C6B6 /* TaskDetailView.storyboard */ = {isa = PBXFileReference; lastKnownFileType = file.storyboard; path = TaskDetailView.storyboard; sourceTree = "<group>"; };
		69A008F11FDF1B5F0044C6B6 /* TaskDetailController.swift */ = {isa = PBXFileReference; lastKnownFileType = sourcecode.swift; path = TaskDetailController.swift; sourceTree = "<group>"; };
		69A008F31FDF1E5C0044C6B6 /* TaskDetailChildController.swift */ = {isa = PBXFileReference; lastKnownFileType = sourcecode.swift; path = TaskDetailChildController.swift; sourceTree = "<group>"; };
		69A008F51FDF1F300044C6B6 /* UpdateServiceView.storyboard */ = {isa = PBXFileReference; lastKnownFileType = file.storyboard; path = UpdateServiceView.storyboard; sourceTree = "<group>"; };
		69A008F71FDF1F4D0044C6B6 /* UpdateServiceController.swift */ = {isa = PBXFileReference; lastKnownFileType = sourcecode.swift; path = UpdateServiceController.swift; sourceTree = "<group>"; };
		69A008F91FDF1F5A0044C6B6 /* UpdateServiceChildController.swift */ = {isa = PBXFileReference; lastKnownFileType = sourcecode.swift; path = UpdateServiceChildController.swift; sourceTree = "<group>"; };
		69A008FB1FDF2FC00044C6B6 /* UILabel+.swift */ = {isa = PBXFileReference; lastKnownFileType = sourcecode.swift; path = "UILabel+.swift"; sourceTree = "<group>"; };
		69C6A0701FD731BA003B52BA /* StripeConfigurator.swift */ = {isa = PBXFileReference; lastKnownFileType = sourcecode.swift; path = StripeConfigurator.swift; sourceTree = "<group>"; };
		69C6A0721FD7326D003B52BA /* StripeAPIClient.swift */ = {isa = PBXFileReference; lastKnownFileType = sourcecode.swift; path = StripeAPIClient.swift; sourceTree = "<group>"; };
		69C6A0781FD7475D003B52BA /* STPPaymentContextImplementation.swift */ = {isa = PBXFileReference; lastKnownFileType = sourcecode.swift; path = STPPaymentContextImplementation.swift; sourceTree = "<group>"; };
		69D588FF1FBE21B800F23C76 /* JobsController.swift */ = {isa = PBXFileReference; lastKnownFileType = sourcecode.swift; path = JobsController.swift; sourceTree = "<group>"; };
		69D589011FBE21DC00F23C76 /* JobsView.storyboard */ = {isa = PBXFileReference; lastKnownFileType = file.storyboard; path = JobsView.storyboard; sourceTree = "<group>"; };
		69D589071FBE239100F23C76 /* ChooseJobView.storyboard */ = {isa = PBXFileReference; lastKnownFileType = file.storyboard; path = ChooseJobView.storyboard; sourceTree = "<group>"; };
		69D589091FBE23AF00F23C76 /* ChooseJobController.swift */ = {isa = PBXFileReference; lastKnownFileType = sourcecode.swift; path = ChooseJobController.swift; sourceTree = "<group>"; };
		69D5890B1FBE322D00F23C76 /* Strings.swift */ = {isa = PBXFileReference; lastKnownFileType = sourcecode.swift; path = Strings.swift; sourceTree = "<group>"; };
		69D5890D1FBE32B400F23C76 /* JobDescriptionView.storyboard */ = {isa = PBXFileReference; lastKnownFileType = file.storyboard; path = JobDescriptionView.storyboard; sourceTree = "<group>"; };
		69D5890F1FBE32C600F23C76 /* JobDescriptionController.swift */ = {isa = PBXFileReference; lastKnownFileType = sourcecode.swift; path = JobDescriptionController.swift; sourceTree = "<group>"; };
		69D589111FBE394600F23C76 /* JobType.swift */ = {isa = PBXFileReference; lastKnownFileType = sourcecode.swift; path = JobType.swift; sourceTree = "<group>"; };
		69D589131FBE43FB00F23C76 /* SetJobDetailsView.storyboard */ = {isa = PBXFileReference; lastKnownFileType = file.storyboard; path = SetJobDetailsView.storyboard; sourceTree = "<group>"; };
		69D589151FBE440D00F23C76 /* SetJobDetailsController.swift */ = {isa = PBXFileReference; lastKnownFileType = sourcecode.swift; path = SetJobDetailsController.swift; sourceTree = "<group>"; };
		69E92F7D1FCDEC2400B3861D /* SignupOneChildController.swift */ = {isa = PBXFileReference; lastKnownFileType = sourcecode.swift; path = SignupOneChildController.swift; sourceTree = "<group>"; };
		69E92F7F1FCDEC3000B3861D /* SignupTwoChildController.swift */ = {isa = PBXFileReference; lastKnownFileType = sourcecode.swift; path = SignupTwoChildController.swift; sourceTree = "<group>"; };
		69F229821FC5BEB800A271AB /* UIViewController+.swift */ = {isa = PBXFileReference; lastKnownFileType = sourcecode.swift; path = "UIViewController+.swift"; sourceTree = "<group>"; };
		69F229841FC5C93600A271AB /* SetPaymentController.swift */ = {isa = PBXFileReference; lastKnownFileType = sourcecode.swift; path = SetPaymentController.swift; sourceTree = "<group>"; };
		69F229861FC5C95600A271AB /* SetPaymentView.storyboard */ = {isa = PBXFileReference; lastKnownFileType = file.storyboard; path = SetPaymentView.storyboard; sourceTree = "<group>"; };
		69F229881FC5CB0900A271AB /* PurchaseServiceView.storyboard */ = {isa = PBXFileReference; lastKnownFileType = file.storyboard; path = PurchaseServiceView.storyboard; sourceTree = "<group>"; };
		69F2298A1FC5CB1700A271AB /* PurchaseServiceController.swift */ = {isa = PBXFileReference; lastKnownFileType = sourcecode.swift; path = PurchaseServiceController.swift; sourceTree = "<group>"; };
		D16A75D0DA93105D906F305D /* Pods_plowdr.framework */ = {isa = PBXFileReference; explicitFileType = wrapper.framework; includeInIndex = 0; path = Pods_plowdr.framework; sourceTree = BUILT_PRODUCTS_DIR; };
		D262F380AD5B5B6B7C40DB4F /* Pods-plowdr.debug.xcconfig */ = {isa = PBXFileReference; includeInIndex = 1; lastKnownFileType = text.xcconfig; name = "Pods-plowdr.debug.xcconfig"; path = "Pods/Target Support Files/Pods-plowdr/Pods-plowdr.debug.xcconfig"; sourceTree = "<group>"; };
/* End PBXFileReference section */

/* Begin PBXFrameworksBuildPhase section */
		69515A831FB1E3F10012E1B7 /* Frameworks */ = {
			isa = PBXFrameworksBuildPhase;
			buildActionMask = 2147483647;
			files = (
				4770B0FC479BA982BBD7CFF9 /* Pods_plowdr.framework in Frameworks */,
			);
			runOnlyForDeploymentPostprocessing = 0;
		};
/* End PBXFrameworksBuildPhase section */

/* Begin PBXGroup section */
		692A9B0A1FDEBFAA00E0A743 /* Driver */ = {
			isa = PBXGroup;
			children = (
				692A9B0D1FDEBFCC00E0A743 /* Views */,
				692A9B0C1FDEBFC500E0A743 /* Controllers */,
				692A9B0B1FDEBFB500E0A743 /* Model */,
			);
			path = Driver;
			sourceTree = "<group>";
		};
		692A9B0B1FDEBFB500E0A743 /* Model */ = {
			isa = PBXGroup;
			children = (
			);
			path = Model;
			sourceTree = "<group>";
		};
		692A9B0C1FDEBFC500E0A743 /* Controllers */ = {
			isa = PBXGroup;
			children = (
				69A008F11FDF1B5F0044C6B6 /* TaskDetailController.swift */,
				69A008F31FDF1E5C0044C6B6 /* TaskDetailChildController.swift */,
				69A008F71FDF1F4D0044C6B6 /* UpdateServiceController.swift */,
				69A008F91FDF1F5A0044C6B6 /* UpdateServiceChildController.swift */,
			);
			path = Controllers;
			sourceTree = "<group>";
		};
		692A9B0D1FDEBFCC00E0A743 /* Views */ = {
			isa = PBXGroup;
			children = (
				69A008EF1FDF1B350044C6B6 /* TaskDetailView.storyboard */,
				69A008F51FDF1F300044C6B6 /* UpdateServiceView.storyboard */,
			);
			path = Views;
			sourceTree = "<group>";
		};
		693819811FCEF481007CBA2F /* Notifications */ = {
			isa = PBXGroup;
			children = (
				693819831FCEF48C007CBA2F /* Controllers */,
				693819821FCEF486007CBA2F /* Views */,
			);
			path = Notifications;
			sourceTree = "<group>";
		};
		693819821FCEF486007CBA2F /* Views */ = {
			isa = PBXGroup;
			children = (
				6938197F1FCEF44C007CBA2F /* NotificationsView.storyboard */,
			);
			path = Views;
			sourceTree = "<group>";
		};
		693819831FCEF48C007CBA2F /* Controllers */ = {
			isa = PBXGroup;
			children = (
				693819841FCEFBB8007CBA2F /* GenericErrorController.swift */,
			);
			path = Controllers;
			sourceTree = "<group>";
		};
		69515A7D1FB1E3F00012E1B7 = {
			isa = PBXGroup;
			children = (
				69515A881FB1E3F10012E1B7 /* plowdr */,
				69515A871FB1E3F10012E1B7 /* Products */,
				87CA9200D0CEFD7F1B010CCA /* Pods */,
				991EA2DA5256BFC9F6BD880E /* Frameworks */,
			);
			sourceTree = "<group>";
		};
		69515A871FB1E3F10012E1B7 /* Products */ = {
			isa = PBXGroup;
			children = (
				69515A861FB1E3F10012E1B7 /* plowdr.app */,
			);
			name = Products;
			sourceTree = "<group>";
		};
		69515A881FB1E3F10012E1B7 /* plowdr */ = {
			isa = PBXGroup;
			children = (
				692A9B0A1FDEBFAA00E0A743 /* Driver */,
				698CC57C1FCC4F3D00FEE976 /* User */,
				69F229811FC5BE9F00A271AB /* Utils */,
				69C6A0741FD746D4003B52BA /* Payment */,
				69D589031FBE230E00F23C76 /* Jobs */,
				69515AB81FB3A4960012E1B7 /* Home */,
				69515A9B1FB1E4FE0012E1B7 /* Authentication */,
				69515A9D1FB1E50F0012E1B7 /* Supporting Files */,
				69515A8D1FB1E3F10012E1B7 /* Main.storyboard */,
				69515A921FB1E3F10012E1B7 /* LaunchScreen.storyboard */,
				69515A951FB1E3F10012E1B7 /* Info.plist */,
				6979077E1FCDA06700E233C1 /* GoogleService-Info.plist */,
			);
			path = plowdr;
			sourceTree = "<group>";
		};
		69515A9B1FB1E4FE0012E1B7 /* Authentication */ = {
			isa = PBXGroup;
			children = (
				69515AB31FB24FF60012E1B7 /* Model */,
				69515AA01FB1E74F0012E1B7 /* Controllers */,
				69515A9C1FB1E5060012E1B7 /* Views */,
			);
			path = Authentication;
			sourceTree = "<group>";
		};
		69515A9C1FB1E5060012E1B7 /* Views */ = {
			isa = PBXGroup;
			children = (
				69515A9E1FB1E56E0012E1B7 /* IntroView.storyboard */,
				69515AA31FB1EF580012E1B7 /* LoginView.storyboard */,
				69515AA71FB1FA7B0012E1B7 /* SignupOneView.storyboard */,
				69515AAB1FB24B7F0012E1B7 /* SignupTwoView.storyboard */,
			);
			path = Views;
			sourceTree = "<group>";
		};
		69515A9D1FB1E50F0012E1B7 /* Supporting Files */ = {
			isa = PBXGroup;
			children = (
				698CC5871FCC9F1000FEE976 /* Fonts */,
				69515A901FB1E3F10012E1B7 /* Assets.xcassets */,
				69515A891FB1E3F10012E1B7 /* AppDelegate.swift */,
				69515AA91FB2449C0012E1B7 /* StoryboardSegues.swift */,
				69D5890B1FBE322D00F23C76 /* Strings.swift */,
			);
			path = "Supporting Files";
			sourceTree = "<group>";
		};
		69515AA01FB1E74F0012E1B7 /* Controllers */ = {
			isa = PBXGroup;
			children = (
				69515AA11FB1E76D0012E1B7 /* IntroController.swift */,
				69515AA51FB1EF770012E1B7 /* LoginController.swift */,
				69515AAD1FB24C630012E1B7 /* SignupOneController.swift */,
				69515AAF1FB24C6E0012E1B7 /* SignupTwoController.swift */,
				69E92F7D1FCDEC2400B3861D /* SignupOneChildController.swift */,
				69E92F7F1FCDEC3000B3861D /* SignupTwoChildController.swift */,
			);
			path = Controllers;
			sourceTree = "<group>";
		};
		69515AB31FB24FF60012E1B7 /* Model */ = {
			isa = PBXGroup;
			children = (
				697907801FCDA41200E233C1 /* User.swift */,
			);
			path = Model;
			sourceTree = "<group>";
		};
		69515AB81FB3A4960012E1B7 /* Home */ = {
			isa = PBXGroup;
			children = (
				69515ABA1FB3A4A50012E1B7 /* Controllers */,
				69515AB91FB3A49E0012E1B7 /* Views */,
			);
			path = Home;
			sourceTree = "<group>";
		};
		69515AB91FB3A49E0012E1B7 /* Views */ = {
			isa = PBXGroup;
			children = (
				69515AB11FB24FC60012E1B7 /* HomeView.storyboard */,
				69515AB61FB3A3830012E1B7 /* SlideMenuView.storyboard */,
				69D589011FBE21DC00F23C76 /* JobsView.storyboard */,
				695706ED1FD1FD0B006CCA93 /* JobDetailView.storyboard */,
				69A008E91FDED2150044C6B6 /* InvoiceDetailView.storyboard */,
			);
			path = Views;
			sourceTree = "<group>";
		};
		69515ABA1FB3A4A50012E1B7 /* Controllers */ = {
			isa = PBXGroup;
			children = (
				69515AB41FB250140012E1B7 /* HomeController.swift */,
				69515ABC1FB3A4EC0012E1B7 /* SlideMenuController.swift */,
				69515ABF1FB3B4460012E1B7 /* ContainerController.swift */,
				69D588FF1FBE21B800F23C76 /* JobsController.swift */,
				695706EB1FD1F035006CCA93 /* JobCellController.swift */,
				695706EF1FD2010D006CCA93 /* JobDetailController.swift */,
				695706F11FD2011A006CCA93 /* JobDetailChildController.swift */,
				69A008EB1FDED2310044C6B6 /* InvoiceDetailController.swift */,
				69A008ED1FDED25A0044C6B6 /* InvoiceDetailChildController.swift */,
			);
			path = Controllers;
			sourceTree = "<group>";
		};
		698CC57C1FCC4F3D00FEE976 /* User */ = {
			isa = PBXGroup;
			children = (
				698CC57E1FCC4F9800FEE976 /* Views */,
				698CC57D1FCC4F9100FEE976 /* Controllers */,
			);
			path = User;
			sourceTree = "<group>";
		};
		698CC57D1FCC4F9100FEE976 /* Controllers */ = {
			isa = PBXGroup;
			children = (
				698CC5811FCC508700FEE976 /* SetAccountController.swift */,
				698CC5831FCC50B700FEE976 /* SetAccountChildController.swift */,
			);
			path = Controllers;
			sourceTree = "<group>";
		};
		698CC57E1FCC4F9800FEE976 /* Views */ = {
			isa = PBXGroup;
			children = (
				698CC57F1FCC500900FEE976 /* SetAccountView.storyboard */,
			);
			path = Views;
			sourceTree = "<group>";
		};
		698CC5871FCC9F1000FEE976 /* Fonts */ = {
			isa = PBXGroup;
			children = (
				698CC5891FCC9F6200FEE976 /* AG-Stencil.ttf */,
				698CC58C1FCCA2C100FEE976 /* HiraginoCustom.otf */,
			);
			name = Fonts;
			sourceTree = "<group>";
		};
		69C6A0741FD746D4003B52BA /* Payment */ = {
			isa = PBXGroup;
			children = (
				69C6A0771FD746FE003B52BA /* Model */,
				69C6A0761FD746F8003B52BA /* Controllers */,
				69C6A0751FD746ED003B52BA /* Views */,
			);
			path = Payment;
			sourceTree = "<group>";
		};
		69C6A0751FD746ED003B52BA /* Views */ = {
			isa = PBXGroup;
			children = (
				69F229861FC5C95600A271AB /* SetPaymentView.storyboard */,
			);
			path = Views;
			sourceTree = "<group>";
		};
		69C6A0761FD746F8003B52BA /* Controllers */ = {
			isa = PBXGroup;
			children = (
				69F229841FC5C93600A271AB /* SetPaymentController.swift */,
				69C6A0781FD7475D003B52BA /* STPPaymentContextImplementation.swift */,
			);
			path = Controllers;
			sourceTree = "<group>";
		};
		69C6A0771FD746FE003B52BA /* Model */ = {
			isa = PBXGroup;
			children = (
				69C6A0701FD731BA003B52BA /* StripeConfigurator.swift */,
				69C6A0721FD7326D003B52BA /* StripeAPIClient.swift */,
			);
			path = Model;
			sourceTree = "<group>";
		};
		69D589031FBE230E00F23C76 /* Jobs */ = {
			isa = PBXGroup;
			children = (
				69D589061FBE232600F23C76 /* Model */,
				69D589051FBE231F00F23C76 /* Controllers */,
				69D589041FBE231800F23C76 /* Views */,
			);
			path = Jobs;
			sourceTree = "<group>";
		};
		69D589041FBE231800F23C76 /* Views */ = {
			isa = PBXGroup;
			children = (
				69D589071FBE239100F23C76 /* ChooseJobView.storyboard */,
				69D5890D1FBE32B400F23C76 /* JobDescriptionView.storyboard */,
				69D589131FBE43FB00F23C76 /* SetJobDetailsView.storyboard */,
				69678A4B1FC3202400860689 /* SetAddressView.storyboard */,
				69678A4F1FC321C400860689 /* SetDateTimeView.storyboard */,
				69678A531FC32ACF00860689 /* SetJobDetailView.storyboard */,
				69F229881FC5CB0900A271AB /* PurchaseServiceView.storyboard */,
			);
			path = Views;
			sourceTree = "<group>";
		};
		69D589051FBE231F00F23C76 /* Controllers */ = {
			isa = PBXGroup;
			children = (
				69D589091FBE23AF00F23C76 /* ChooseJobController.swift */,
				69D5890F1FBE32C600F23C76 /* JobDescriptionController.swift */,
				69D589151FBE440D00F23C76 /* SetJobDetailsController.swift */,
				69678A491FC3110300860689 /* SetJobDetailsChildController.swift */,
				69678A4D1FC3203700860689 /* SetAddressController.swift */,
				69678A511FC323A200860689 /* SetDateTimeController.swift */,
				69678A551FC32B0100860689 /* SetJobDetailController.swift */,
				69678A571FC3698F00860689 /* SetJobDetailChildController.swift */,
				69678A591FC37A7200860689 /* JobDetailListController.swift */,
				69678A5B1FC37A8B00860689 /* JobDetailListChildController.swift */,
				69F2298A1FC5CB1700A271AB /* PurchaseServiceController.swift */,
				698CC5781FCC3C7900FEE976 /* PurchaseServiceChildController.swift */,
			);
			path = Controllers;
			sourceTree = "<group>";
		};
		69D589061FBE232600F23C76 /* Model */ = {
			isa = PBXGroup;
			children = (
				69D589111FBE394600F23C76 /* JobType.swift */,
				69678A5D1FC37B7300860689 /* Job.swift */,
				698CC5721FC7193400FEE976 /* Address.swift */,
				698CC5741FC71A9400FEE976 /* Schedule.swift */,
				698CC5761FC71B2400FEE976 /* JobDetail.swift */,
			);
			path = Model;
			sourceTree = "<group>";
		};
		69F229811FC5BE9F00A271AB /* Utils */ = {
			isa = PBXGroup;
			children = (
				693819811FCEF481007CBA2F /* Notifications */,
				69F229821FC5BEB800A271AB /* UIViewController+.swift */,
				698CC57A1FCC440300FEE976 /* UINavigationController+.swift */,
				698CC5851FCC9DED00FEE976 /* GradientView.swift */,
				697907821FCDA82D00E233C1 /* Ax.swift */,
				695706E71FD18F49006CCA93 /* Objective-CBridgingHeade.m */,
				695706E61FD18F49006CCA93 /* plowdr-Bridging-Header.h */,
				695706F31FD35B2A006CCA93 /* Database.swift */,
				69A008FB1FDF2FC00044C6B6 /* UILabel+.swift */,
			);
			path = Utils;
			sourceTree = "<group>";
		};
		87CA9200D0CEFD7F1B010CCA /* Pods */ = {
			isa = PBXGroup;
			children = (
				D262F380AD5B5B6B7C40DB4F /* Pods-plowdr.debug.xcconfig */,
				018192314C85C7D6DFEA43D9 /* Pods-plowdr.release.xcconfig */,
			);
			name = Pods;
			sourceTree = "<group>";
		};
		991EA2DA5256BFC9F6BD880E /* Frameworks */ = {
			isa = PBXGroup;
			children = (
				D16A75D0DA93105D906F305D /* Pods_plowdr.framework */,
			);
			name = Frameworks;
			sourceTree = "<group>";
		};
/* End PBXGroup section */

/* Begin PBXNativeTarget section */
		69515A851FB1E3F10012E1B7 /* plowdr */ = {
			isa = PBXNativeTarget;
			buildConfigurationList = 69515A981FB1E3F10012E1B7 /* Build configuration list for PBXNativeTarget "plowdr" */;
			buildPhases = (
				7B90EF1177A2C755FB453DDD /* [CP] Check Pods Manifest.lock */,
				69515A821FB1E3F10012E1B7 /* Sources */,
				69515A831FB1E3F10012E1B7 /* Frameworks */,
				69515A841FB1E3F10012E1B7 /* Resources */,
				EFB25611B3761C36CF2DEDD6 /* [CP] Embed Pods Frameworks */,
				01500F52A82E35C51065ADFA /* [CP] Copy Pods Resources */,
			);
			buildRules = (
			);
			dependencies = (
			);
			name = plowdr;
			productName = plowdr;
			productReference = 69515A861FB1E3F10012E1B7 /* plowdr.app */;
			productType = "com.apple.product-type.application";
		};
/* End PBXNativeTarget section */

/* Begin PBXProject section */
		69515A7E1FB1E3F00012E1B7 /* Project object */ = {
			isa = PBXProject;
			attributes = {
				LastSwiftUpdateCheck = 0910;
				LastUpgradeCheck = 0910;
				ORGANIZATIONNAME = plowdr;
				TargetAttributes = {
					69515A851FB1E3F10012E1B7 = {
						CreatedOnToolsVersion = 9.1;
						LastSwiftMigration = 0910;
						ProvisioningStyle = Manual;
					};
				};
			};
			buildConfigurationList = 69515A811FB1E3F00012E1B7 /* Build configuration list for PBXProject "plowdr" */;
			compatibilityVersion = "Xcode 8.0";
			developmentRegion = en;
			hasScannedForEncodings = 0;
			knownRegions = (
				en,
				Base,
			);
			mainGroup = 69515A7D1FB1E3F00012E1B7;
			productRefGroup = 69515A871FB1E3F10012E1B7 /* Products */;
			projectDirPath = "";
			projectRoot = "";
			targets = (
				69515A851FB1E3F10012E1B7 /* plowdr */,
			);
		};
/* End PBXProject section */

/* Begin PBXResourcesBuildPhase section */
		69515A841FB1E3F10012E1B7 /* Resources */ = {
			isa = PBXResourcesBuildPhase;
			buildActionMask = 2147483647;
			files = (
				69F229891FC5CB0900A271AB /* PurchaseServiceView.storyboard in Resources */,
				69A008EA1FDED2150044C6B6 /* InvoiceDetailView.storyboard in Resources */,
				69678A501FC321C400860689 /* SetDateTimeView.storyboard in Resources */,
				693819801FCEF44C007CBA2F /* NotificationsView.storyboard in Resources */,
				69515A9F1FB1E56E0012E1B7 /* IntroView.storyboard in Resources */,
				698CC58D1FCCA2C100FEE976 /* HiraginoCustom.otf in Resources */,
				69D589141FBE43FB00F23C76 /* SetJobDetailsView.storyboard in Resources */,
				69515A941FB1E3F10012E1B7 /* LaunchScreen.storyboard in Resources */,
				69678A4C1FC3202400860689 /* SetAddressView.storyboard in Resources */,
				695706EE1FD1FD0B006CCA93 /* JobDetailView.storyboard in Resources */,
				69515AB71FB3A3830012E1B7 /* SlideMenuView.storyboard in Resources */,
				69515AA81FB1FA7B0012E1B7 /* SignupOneView.storyboard in Resources */,
				69515A911FB1E3F10012E1B7 /* Assets.xcassets in Resources */,
				69678A541FC32ACF00860689 /* SetJobDetailView.storyboard in Resources */,
				698CC58B1FCC9F6200FEE976 /* AG-Stencil.ttf in Resources */,
				69515A8F1FB1E3F10012E1B7 /* Main.storyboard in Resources */,
				69515AAC1FB24B7F0012E1B7 /* SignupTwoView.storyboard in Resources */,
				69D589021FBE21DC00F23C76 /* JobsView.storyboard in Resources */,
				69515AB21FB24FC60012E1B7 /* HomeView.storyboard in Resources */,
				69A008F01FDF1B350044C6B6 /* TaskDetailView.storyboard in Resources */,
				69515AA41FB1EF580012E1B7 /* LoginView.storyboard in Resources */,
				69A008F61FDF1F300044C6B6 /* UpdateServiceView.storyboard in Resources */,
				698CC5801FCC500900FEE976 /* SetAccountView.storyboard in Resources */,
				69D5890E1FBE32B400F23C76 /* JobDescriptionView.storyboard in Resources */,
				6979077F1FCDA06800E233C1 /* GoogleService-Info.plist in Resources */,
				69F229871FC5C95600A271AB /* SetPaymentView.storyboard in Resources */,
				69D589081FBE239100F23C76 /* ChooseJobView.storyboard in Resources */,
			);
			runOnlyForDeploymentPostprocessing = 0;
		};
/* End PBXResourcesBuildPhase section */

/* Begin PBXShellScriptBuildPhase section */
		01500F52A82E35C51065ADFA /* [CP] Copy Pods Resources */ = {
			isa = PBXShellScriptBuildPhase;
			buildActionMask = 2147483647;
			files = (
			);
			inputPaths = (
				"${SRCROOT}/Pods/Target Support Files/Pods-plowdr/Pods-plowdr-resources.sh",
				"${PODS_ROOT}/GoogleMaps/Maps/Frameworks/GoogleMaps.framework/Resources/GoogleMaps.bundle",
				"${PODS_ROOT}/GooglePlaces/Frameworks/GooglePlaces.framework/Resources/GooglePlaces.bundle",
			);
			name = "[CP] Copy Pods Resources";
			outputPaths = (
				"${TARGET_BUILD_DIR}/${UNLOCALIZED_RESOURCES_FOLDER_PATH}",
			);
			runOnlyForDeploymentPostprocessing = 0;
			shellPath = /bin/sh;
			shellScript = "\"${SRCROOT}/Pods/Target Support Files/Pods-plowdr/Pods-plowdr-resources.sh\"\n";
			showEnvVarsInLog = 0;
		};
		7B90EF1177A2C755FB453DDD /* [CP] Check Pods Manifest.lock */ = {
			isa = PBXShellScriptBuildPhase;
			buildActionMask = 2147483647;
			files = (
			);
			inputPaths = (
				"${PODS_PODFILE_DIR_PATH}/Podfile.lock",
				"${PODS_ROOT}/Manifest.lock",
			);
			name = "[CP] Check Pods Manifest.lock";
			outputPaths = (
				"$(DERIVED_FILE_DIR)/Pods-plowdr-checkManifestLockResult.txt",
			);
			runOnlyForDeploymentPostprocessing = 0;
			shellPath = /bin/sh;
			shellScript = "diff \"${PODS_PODFILE_DIR_PATH}/Podfile.lock\" \"${PODS_ROOT}/Manifest.lock\" > /dev/null\nif [ $? != 0 ] ; then\n    # print error to STDERR\n    echo \"error: The sandbox is not in sync with the Podfile.lock. Run 'pod install' or update your CocoaPods installation.\" >&2\n    exit 1\nfi\n# This output is used by Xcode 'outputs' to avoid re-running this script phase.\necho \"SUCCESS\" > \"${SCRIPT_OUTPUT_FILE_0}\"\n";
			showEnvVarsInLog = 0;
		};
		EFB25611B3761C36CF2DEDD6 /* [CP] Embed Pods Frameworks */ = {
			isa = PBXShellScriptBuildPhase;
			buildActionMask = 2147483647;
			files = (
			);
			inputPaths = (
				"${SRCROOT}/Pods/Target Support Files/Pods-plowdr/Pods-plowdr-frameworks.sh",
				"${BUILT_PRODUCTS_DIR}/Alamofire/Alamofire.framework",
				"${BUILT_PRODUCTS_DIR}/BoringSSL/openssl.framework",
				"${BUILT_PRODUCTS_DIR}/GTMSessionFetcher/GTMSessionFetcher.framework",
				"${BUILT_PRODUCTS_DIR}/GoogleToolboxForMac/GoogleToolboxForMac.framework",
				"${BUILT_PRODUCTS_DIR}/INTULocationManager/INTULocationManager.framework",
				"${BUILT_PRODUCTS_DIR}/Protobuf/Protobuf.framework",
				"${BUILT_PRODUCTS_DIR}/SVProgressHUD/SVProgressHUD.framework",
				"${BUILT_PRODUCTS_DIR}/Stripe/Stripe.framework",
				"${BUILT_PRODUCTS_DIR}/gRPC/GRPCClient.framework",
				"${BUILT_PRODUCTS_DIR}/gRPC-Core/grpc.framework",
				"${BUILT_PRODUCTS_DIR}/gRPC-ProtoRPC/ProtoRPC.framework",
				"${BUILT_PRODUCTS_DIR}/gRPC-RxLibrary/RxLibrary.framework",
				"${BUILT_PRODUCTS_DIR}/leveldb-library/leveldb.framework",
				"${BUILT_PRODUCTS_DIR}/nanopb/nanopb.framework",
			);
			name = "[CP] Embed Pods Frameworks";
			outputPaths = (
				"${TARGET_BUILD_DIR}/${FRAMEWORKS_FOLDER_PATH}/Alamofire.framework",
				"${TARGET_BUILD_DIR}/${FRAMEWORKS_FOLDER_PATH}/openssl.framework",
				"${TARGET_BUILD_DIR}/${FRAMEWORKS_FOLDER_PATH}/GTMSessionFetcher.framework",
				"${TARGET_BUILD_DIR}/${FRAMEWORKS_FOLDER_PATH}/GoogleToolboxForMac.framework",
				"${TARGET_BUILD_DIR}/${FRAMEWORKS_FOLDER_PATH}/INTULocationManager.framework",
				"${TARGET_BUILD_DIR}/${FRAMEWORKS_FOLDER_PATH}/Protobuf.framework",
				"${TARGET_BUILD_DIR}/${FRAMEWORKS_FOLDER_PATH}/SVProgressHUD.framework",
				"${TARGET_BUILD_DIR}/${FRAMEWORKS_FOLDER_PATH}/Stripe.framework",
				"${TARGET_BUILD_DIR}/${FRAMEWORKS_FOLDER_PATH}/GRPCClient.framework",
				"${TARGET_BUILD_DIR}/${FRAMEWORKS_FOLDER_PATH}/grpc.framework",
				"${TARGET_BUILD_DIR}/${FRAMEWORKS_FOLDER_PATH}/ProtoRPC.framework",
				"${TARGET_BUILD_DIR}/${FRAMEWORKS_FOLDER_PATH}/RxLibrary.framework",
				"${TARGET_BUILD_DIR}/${FRAMEWORKS_FOLDER_PATH}/leveldb.framework",
				"${TARGET_BUILD_DIR}/${FRAMEWORKS_FOLDER_PATH}/nanopb.framework",
			);
			runOnlyForDeploymentPostprocessing = 0;
			shellPath = /bin/sh;
			shellScript = "\"${SRCROOT}/Pods/Target Support Files/Pods-plowdr/Pods-plowdr-frameworks.sh\"\n";
			showEnvVarsInLog = 0;
		};
/* End PBXShellScriptBuildPhase section */

/* Begin PBXSourcesBuildPhase section */
		69515A821FB1E3F10012E1B7 /* Sources */ = {
			isa = PBXSourcesBuildPhase;
			buildActionMask = 2147483647;
			files = (
				69A008FC1FDF2FC00044C6B6 /* UILabel+.swift in Sources */,
				698CC57B1FCC440300FEE976 /* UINavigationController+.swift in Sources */,
				69F229851FC5C93600A271AB /* SetPaymentController.swift in Sources */,
				69C6A0791FD7475D003B52BA /* STPPaymentContextImplementation.swift in Sources */,
				695706F21FD2011A006CCA93 /* JobDetailChildController.swift in Sources */,
				69515AB01FB24C6E0012E1B7 /* SignupTwoController.swift in Sources */,
				69678A5E1FC37B7300860689 /* Job.swift in Sources */,
				69F229831FC5BEB800A271AB /* UIViewController+.swift in Sources */,
				69A008FA1FDF1F5A0044C6B6 /* UpdateServiceChildController.swift in Sources */,
				69515A8A1FB1E3F10012E1B7 /* AppDelegate.swift in Sources */,
				69C6A0711FD731BA003B52BA /* StripeConfigurator.swift in Sources */,
				69515AB51FB250140012E1B7 /* HomeController.swift in Sources */,
				69678A521FC323A200860689 /* SetDateTimeController.swift in Sources */,
				69C6A0731FD7326D003B52BA /* StripeAPIClient.swift in Sources */,
				69D589161FBE440D00F23C76 /* SetJobDetailsController.swift in Sources */,
				69D589121FBE394600F23C76 /* JobType.swift in Sources */,
				69678A581FC3698F00860689 /* SetJobDetailChildController.swift in Sources */,
				69E92F7E1FCDEC2400B3861D /* SignupOneChildController.swift in Sources */,
				69515AA61FB1EF770012E1B7 /* LoginController.swift in Sources */,
				695706E81FD18F49006CCA93 /* Objective-CBridgingHeade.m in Sources */,
				69E92F801FCDEC3000B3861D /* SignupTwoChildController.swift in Sources */,
				69515AAE1FB24C630012E1B7 /* SignupOneController.swift in Sources */,
				697907811FCDA41200E233C1 /* User.swift in Sources */,
				69F2298B1FC5CB1700A271AB /* PurchaseServiceController.swift in Sources */,
				698CC5771FC71B2400FEE976 /* JobDetail.swift in Sources */,
				698CC5841FCC50B700FEE976 /* SetAccountChildController.swift in Sources */,
				69A008EE1FDED25A0044C6B6 /* InvoiceDetailChildController.swift in Sources */,
				69678A5C1FC37A8B00860689 /* JobDetailListChildController.swift in Sources */,
				69515AAA1FB2449C0012E1B7 /* StoryboardSegues.swift in Sources */,
				69515ABD1FB3A4EC0012E1B7 /* SlideMenuController.swift in Sources */,
				697907831FCDA82D00E233C1 /* Ax.swift in Sources */,
				69A008EC1FDED2310044C6B6 /* InvoiceDetailController.swift in Sources */,
				698CC5821FCC508700FEE976 /* SetAccountController.swift in Sources */,
				69A008F41FDF1E5C0044C6B6 /* TaskDetailChildController.swift in Sources */,
				69A008F81FDF1F4D0044C6B6 /* UpdateServiceController.swift in Sources */,
				69D589101FBE32C600F23C76 /* JobDescriptionController.swift in Sources */,
				69678A5A1FC37A7200860689 /* JobDetailListController.swift in Sources */,
				69A008F21FDF1B5F0044C6B6 /* TaskDetailController.swift in Sources */,
				698CC5731FC7193400FEE976 /* Address.swift in Sources */,
				69678A4A1FC3110300860689 /* SetJobDetailsChildController.swift in Sources */,
				69515AA21FB1E76D0012E1B7 /* IntroController.swift in Sources */,
				69678A561FC32B0100860689 /* SetJobDetailController.swift in Sources */,
				698CC5861FCC9DED00FEE976 /* GradientView.swift in Sources */,
				698CC5791FCC3C7900FEE976 /* PurchaseServiceChildController.swift in Sources */,
				695706F41FD35B2A006CCA93 /* Database.swift in Sources */,
				695706EC1FD1F035006CCA93 /* JobCellController.swift in Sources */,
				69678A4E1FC3203700860689 /* SetAddressController.swift in Sources */,
				69515AC01FB3B4460012E1B7 /* ContainerController.swift in Sources */,
				695706F01FD2010D006CCA93 /* JobDetailController.swift in Sources */,
				69D5890A1FBE23AF00F23C76 /* ChooseJobController.swift in Sources */,
				69D5890C1FBE322D00F23C76 /* Strings.swift in Sources */,
				693819851FCEFBB8007CBA2F /* GenericErrorController.swift in Sources */,
				698CC5751FC71A9400FEE976 /* Schedule.swift in Sources */,
				69D589001FBE21B800F23C76 /* JobsController.swift in Sources */,
			);
			runOnlyForDeploymentPostprocessing = 0;
		};
/* End PBXSourcesBuildPhase section */

/* Begin PBXVariantGroup section */
		69515A8D1FB1E3F10012E1B7 /* Main.storyboard */ = {
			isa = PBXVariantGroup;
			children = (
				69515A8E1FB1E3F10012E1B7 /* Base */,
			);
			name = Main.storyboard;
			sourceTree = "<group>";
		};
		69515A921FB1E3F10012E1B7 /* LaunchScreen.storyboard */ = {
			isa = PBXVariantGroup;
			children = (
				69515A931FB1E3F10012E1B7 /* Base */,
			);
			name = LaunchScreen.storyboard;
			sourceTree = "<group>";
		};
/* End PBXVariantGroup section */

/* Begin XCBuildConfiguration section */
		69515A961FB1E3F10012E1B7 /* Debug */ = {
			isa = XCBuildConfiguration;
			buildSettings = {
				ALWAYS_SEARCH_USER_PATHS = NO;
				CLANG_ANALYZER_NONNULL = YES;
				CLANG_ANALYZER_NUMBER_OBJECT_CONVERSION = YES_AGGRESSIVE;
				CLANG_CXX_LANGUAGE_STANDARD = "gnu++14";
				CLANG_CXX_LIBRARY = "libc++";
				CLANG_ENABLE_MODULES = YES;
				CLANG_ENABLE_OBJC_ARC = YES;
				CLANG_WARN_BLOCK_CAPTURE_AUTORELEASING = YES;
				CLANG_WARN_BOOL_CONVERSION = YES;
				CLANG_WARN_COMMA = YES;
				CLANG_WARN_CONSTANT_CONVERSION = YES;
				CLANG_WARN_DIRECT_OBJC_ISA_USAGE = YES_ERROR;
				CLANG_WARN_DOCUMENTATION_COMMENTS = YES;
				CLANG_WARN_EMPTY_BODY = YES;
				CLANG_WARN_ENUM_CONVERSION = YES;
				CLANG_WARN_INFINITE_RECURSION = YES;
				CLANG_WARN_INT_CONVERSION = YES;
				CLANG_WARN_NON_LITERAL_NULL_CONVERSION = YES;
				CLANG_WARN_OBJC_LITERAL_CONVERSION = YES;
				CLANG_WARN_OBJC_ROOT_CLASS = YES_ERROR;
				CLANG_WARN_RANGE_LOOP_ANALYSIS = YES;
				CLANG_WARN_STRICT_PROTOTYPES = YES;
				CLANG_WARN_SUSPICIOUS_MOVE = YES;
				CLANG_WARN_UNGUARDED_AVAILABILITY = YES_AGGRESSIVE;
				CLANG_WARN_UNREACHABLE_CODE = YES;
				CLANG_WARN__DUPLICATE_METHOD_MATCH = YES;
				CODE_SIGN_IDENTITY = "iPhone Developer";
				COPY_PHASE_STRIP = NO;
				DEBUG_INFORMATION_FORMAT = dwarf;
				ENABLE_STRICT_OBJC_MSGSEND = YES;
				ENABLE_TESTABILITY = YES;
				GCC_C_LANGUAGE_STANDARD = gnu11;
				GCC_DYNAMIC_NO_PIC = NO;
				GCC_NO_COMMON_BLOCKS = YES;
				GCC_OPTIMIZATION_LEVEL = 0;
				GCC_PREPROCESSOR_DEFINITIONS = (
					"DEBUG=1",
					"$(inherited)",
				);
				GCC_WARN_64_TO_32_BIT_CONVERSION = YES;
				GCC_WARN_ABOUT_RETURN_TYPE = YES_ERROR;
				GCC_WARN_UNDECLARED_SELECTOR = YES;
				GCC_WARN_UNINITIALIZED_AUTOS = YES_AGGRESSIVE;
				GCC_WARN_UNUSED_FUNCTION = YES;
				GCC_WARN_UNUSED_VARIABLE = YES;
				IPHONEOS_DEPLOYMENT_TARGET = 11.1;
				MTL_ENABLE_DEBUG_INFO = YES;
				ONLY_ACTIVE_ARCH = YES;
				SDKROOT = iphoneos;
				SWIFT_ACTIVE_COMPILATION_CONDITIONS = DEBUG;
				SWIFT_OPTIMIZATION_LEVEL = "-Onone";
			};
			name = Debug;
		};
		69515A971FB1E3F10012E1B7 /* Release */ = {
			isa = XCBuildConfiguration;
			buildSettings = {
				ALWAYS_SEARCH_USER_PATHS = NO;
				CLANG_ANALYZER_NONNULL = YES;
				CLANG_ANALYZER_NUMBER_OBJECT_CONVERSION = YES_AGGRESSIVE;
				CLANG_CXX_LANGUAGE_STANDARD = "gnu++14";
				CLANG_CXX_LIBRARY = "libc++";
				CLANG_ENABLE_MODULES = YES;
				CLANG_ENABLE_OBJC_ARC = YES;
				CLANG_WARN_BLOCK_CAPTURE_AUTORELEASING = YES;
				CLANG_WARN_BOOL_CONVERSION = YES;
				CLANG_WARN_COMMA = YES;
				CLANG_WARN_CONSTANT_CONVERSION = YES;
				CLANG_WARN_DIRECT_OBJC_ISA_USAGE = YES_ERROR;
				CLANG_WARN_DOCUMENTATION_COMMENTS = YES;
				CLANG_WARN_EMPTY_BODY = YES;
				CLANG_WARN_ENUM_CONVERSION = YES;
				CLANG_WARN_INFINITE_RECURSION = YES;
				CLANG_WARN_INT_CONVERSION = YES;
				CLANG_WARN_NON_LITERAL_NULL_CONVERSION = YES;
				CLANG_WARN_OBJC_LITERAL_CONVERSION = YES;
				CLANG_WARN_OBJC_ROOT_CLASS = YES_ERROR;
				CLANG_WARN_RANGE_LOOP_ANALYSIS = YES;
				CLANG_WARN_STRICT_PROTOTYPES = YES;
				CLANG_WARN_SUSPICIOUS_MOVE = YES;
				CLANG_WARN_UNGUARDED_AVAILABILITY = YES_AGGRESSIVE;
				CLANG_WARN_UNREACHABLE_CODE = YES;
				CLANG_WARN__DUPLICATE_METHOD_MATCH = YES;
				CODE_SIGN_IDENTITY = "iPhone Developer";
				COPY_PHASE_STRIP = NO;
				DEBUG_INFORMATION_FORMAT = "dwarf-with-dsym";
				ENABLE_NS_ASSERTIONS = NO;
				ENABLE_STRICT_OBJC_MSGSEND = YES;
				GCC_C_LANGUAGE_STANDARD = gnu11;
				GCC_NO_COMMON_BLOCKS = YES;
				GCC_WARN_64_TO_32_BIT_CONVERSION = YES;
				GCC_WARN_ABOUT_RETURN_TYPE = YES_ERROR;
				GCC_WARN_UNDECLARED_SELECTOR = YES;
				GCC_WARN_UNINITIALIZED_AUTOS = YES_AGGRESSIVE;
				GCC_WARN_UNUSED_FUNCTION = YES;
				GCC_WARN_UNUSED_VARIABLE = YES;
				IPHONEOS_DEPLOYMENT_TARGET = 11.1;
				MTL_ENABLE_DEBUG_INFO = NO;
				SDKROOT = iphoneos;
				SWIFT_OPTIMIZATION_LEVEL = "-Owholemodule";
				VALIDATE_PRODUCT = YES;
			};
			name = Release;
		};
		69515A991FB1E3F10012E1B7 /* Debug */ = {
			isa = XCBuildConfiguration;
			baseConfigurationReference = D262F380AD5B5B6B7C40DB4F /* Pods-plowdr.debug.xcconfig */;
			buildSettings = {
				ASSETCATALOG_COMPILER_APPICON_NAME = AppIcon;
				CLANG_ENABLE_MODULES = YES;
				CODE_SIGN_STYLE = Manual;
				DEVELOPMENT_TEAM = J4HYFFV785;
				INFOPLIST_FILE = plowdr/Info.plist;
				IPHONEOS_DEPLOYMENT_TARGET = 10.0;
				LD_RUNPATH_SEARCH_PATHS = "$(inherited) @executable_path/Frameworks";
				PRODUCT_BUNDLE_IDENTIFIER = io.plowdr.plowdr;
				PRODUCT_NAME = "$(TARGET_NAME)";
				PROVISIONING_PROFILE = "73f83182-76bc-40de-a8d6-3e02ecaffe5a";
				PROVISIONING_PROFILE_SPECIFIER = "Plowdr-Dev-ProvProf";
				SWIFT_OBJC_BRIDGING_HEADER = "plowdr/Utils/plowdr-Bridging-Header.h";
				SWIFT_OPTIMIZATION_LEVEL = "-Onone";
				SWIFT_VERSION = 4.0;
				TARGETED_DEVICE_FAMILY = 1;
			};
			name = Debug;
		};
		69515A9A1FB1E3F10012E1B7 /* Release */ = {
			isa = XCBuildConfiguration;
			baseConfigurationReference = 018192314C85C7D6DFEA43D9 /* Pods-plowdr.release.xcconfig */;
			buildSettings = {
				ASSETCATALOG_COMPILER_APPICON_NAME = AppIcon;
				CLANG_ENABLE_MODULES = YES;
				"CODE_SIGN_IDENTITY[sdk=iphoneos*]" = "iPhone Distribution";
				CODE_SIGN_STYLE = Manual;
				DEVELOPMENT_TEAM = J4HYFFV785;
				INFOPLIST_FILE = plowdr/Info.plist;
				IPHONEOS_DEPLOYMENT_TARGET = 10.0;
				LD_RUNPATH_SEARCH_PATHS = "$(inherited) @executable_path/Frameworks";
				PRODUCT_BUNDLE_IDENTIFIER = io.plowdr.plowdr;
				PRODUCT_NAME = "$(TARGET_NAME)";
				PROVISIONING_PROFILE = "2c4fe847-76c9-475a-b2fb-b8929f4d1d50";
				PROVISIONING_PROFILE_SPECIFIER = "Plowdr-Dis-Prov";
				SWIFT_OBJC_BRIDGING_HEADER = "plowdr/Utils/plowdr-Bridging-Header.h";
				SWIFT_VERSION = 4.0;
				TARGETED_DEVICE_FAMILY = 1;
			};
			name = Release;
		};
/* End XCBuildConfiguration section */

/* Begin XCConfigurationList section */
		69515A811FB1E3F00012E1B7 /* Build configuration list for PBXProject "plowdr" */ = {
			isa = XCConfigurationList;
			buildConfigurations = (
				69515A961FB1E3F10012E1B7 /* Debug */,
				69515A971FB1E3F10012E1B7 /* Release */,
			);
			defaultConfigurationIsVisible = 0;
			defaultConfigurationName = Release;
		};
		69515A981FB1E3F10012E1B7 /* Build configuration list for PBXNativeTarget "plowdr" */ = {
			isa = XCConfigurationList;
			buildConfigurations = (
				69515A991FB1E3F10012E1B7 /* Debug */,
				69515A9A1FB1E3F10012E1B7 /* Release */,
			);
			defaultConfigurationIsVisible = 0;
			defaultConfigurationName = Release;
		};
/* End XCConfigurationList section */
	};
	rootObject = 69515A7E1FB1E3F00012E1B7 /* Project object */;
}
